// !$*UTF8*$!
{
	archiveVersion = 1;
	classes = {
	};
	objectVersion = 55;
	objects = {

/* Begin PBXBuildFile section */
		8A622F8E28BD61D100BBDE90 /* Cube.swift in Sources */ = {isa = PBXBuildFile; fileRef = 8A622F8D28BD61D100BBDE90 /* Cube.swift */; };
		8A622F9228BD76CB00BBDE90 /* CubeModel.swift in Sources */ = {isa = PBXBuildFile; fileRef = 8A622F9128BD76CB00BBDE90 /* CubeModel.swift */; };
		8A622F9528BD7CB900BBDE90 /* Board.swift in Sources */ = {isa = PBXBuildFile; fileRef = 8A622F9428BD7CB900BBDE90 /* Board.swift */; };
		8A98A43B28C3CBF30058D012 /* Keyboard.swift in Sources */ = {isa = PBXBuildFile; fileRef = 8A98A43A28C3CBF30058D012 /* Keyboard.swift */; };
		8A98A43D28C3CCD30058D012 /* KeyboardModel.swift in Sources */ = {isa = PBXBuildFile; fileRef = 8A98A43C28C3CCD30058D012 /* KeyboardModel.swift */; };
		8A98A43F28C3D40B0058D012 /* Key.swift in Sources */ = {isa = PBXBuildFile; fileRef = 8A98A43E28C3D40B0058D012 /* Key.swift */; };
		8AE5DEB928BAB4020052404E /* WordleApp.swift in Sources */ = {isa = PBXBuildFile; fileRef = 8AE5DEB828BAB4020052404E /* WordleApp.swift */; };
		8AE5DEBB28BAB4020052404E /* ContentView.swift in Sources */ = {isa = PBXBuildFile; fileRef = 8AE5DEBA28BAB4020052404E /* ContentView.swift */; };
		8AE5DEBD28BAB4040052404E /* Assets.xcassets in Resources */ = {isa = PBXBuildFile; fileRef = 8AE5DEBC28BAB4040052404E /* Assets.xcassets */; };
		8AE5DEC028BAB4040052404E /* Preview Assets.xcassets in Resources */ = {isa = PBXBuildFile; fileRef = 8AE5DEBF28BAB4040052404E /* Preview Assets.xcassets */; };
/* End PBXBuildFile section */

/* Begin PBXContainerItemProxy section */
		8AE5DEC628BAB4040052404E /* PBXContainerItemProxy */ = {
			isa = PBXContainerItemProxy;
			containerPortal = 8AE5DEAD28BAB4020052404E /* Project object */;
			proxyType = 1;
			remoteGlobalIDString = 8AE5DEB428BAB4020052404E;
			remoteInfo = Wordle;
		};
		8AE5DED028BAB4040052404E /* PBXContainerItemProxy */ = {
			isa = PBXContainerItemProxy;
			containerPortal = 8AE5DEAD28BAB4020052404E /* Project object */;
			proxyType = 1;
			remoteGlobalIDString = 8AE5DEB428BAB4020052404E;
			remoteInfo = Wordle;
		};
/* End PBXContainerItemProxy section */

/* Begin PBXFileReference section */
		8A622F8D28BD61D100BBDE90 /* Cube.swift */ = {isa = PBXFileReference; lastKnownFileType = sourcecode.swift; path = Cube.swift; sourceTree = "<group>"; };
		8A622F9128BD76CB00BBDE90 /* CubeModel.swift */ = {isa = PBXFileReference; lastKnownFileType = sourcecode.swift; path = CubeModel.swift; sourceTree = "<group>"; };
		8A622F9428BD7CB900BBDE90 /* Board.swift */ = {isa = PBXFileReference; lastKnownFileType = sourcecode.swift; path = Board.swift; sourceTree = "<group>"; };
		8A98A43A28C3CBF30058D012 /* Keyboard.swift */ = {isa = PBXFileReference; lastKnownFileType = sourcecode.swift; path = Keyboard.swift; sourceTree = "<group>"; };
		8A98A43C28C3CCD30058D012 /* KeyboardModel.swift */ = {isa = PBXFileReference; lastKnownFileType = sourcecode.swift; path = KeyboardModel.swift; sourceTree = "<group>"; };
		8A98A43E28C3D40B0058D012 /* Key.swift */ = {isa = PBXFileReference; lastKnownFileType = sourcecode.swift; path = Key.swift; sourceTree = "<group>"; };
		8AE5DEB528BAB4020052404E /* Wordle.app */ = {isa = PBXFileReference; explicitFileType = wrapper.application; includeInIndex = 0; path = Wordle.app; sourceTree = BUILT_PRODUCTS_DIR; };
		8AE5DEB828BAB4020052404E /* WordleApp.swift */ = {isa = PBXFileReference; lastKnownFileType = sourcecode.swift; path = WordleApp.swift; sourceTree = "<group>"; };
		8AE5DEBA28BAB4020052404E /* ContentView.swift */ = {isa = PBXFileReference; lastKnownFileType = sourcecode.swift; path = ContentView.swift; sourceTree = "<group>"; };
		8AE5DEBC28BAB4040052404E /* Assets.xcassets */ = {isa = PBXFileReference; lastKnownFileType = folder.assetcatalog; path = Assets.xcassets; sourceTree = "<group>"; };
		8AE5DEBF28BAB4040052404E /* Preview Assets.xcassets */ = {isa = PBXFileReference; lastKnownFileType = folder.assetcatalog; path = "Preview Assets.xcassets"; sourceTree = "<group>"; };
		8AE5DEC528BAB4040052404E /* WordleTests.xctest */ = {isa = PBXFileReference; explicitFileType = wrapper.cfbundle; includeInIndex = 0; path = WordleTests.xctest; sourceTree = BUILT_PRODUCTS_DIR; };
		8AE5DECF28BAB4040052404E /* WordleUITests.xctest */ = {isa = PBXFileReference; explicitFileType = wrapper.cfbundle; includeInIndex = 0; path = WordleUITests.xctest; sourceTree = BUILT_PRODUCTS_DIR; };
/* End PBXFileReference section */

/* Begin PBXFrameworksBuildPhase section */
		8AE5DEB228BAB4020052404E /* Frameworks */ = {
			isa = PBXFrameworksBuildPhase;
			buildActionMask = 2147483647;
			files = (
			);
			runOnlyForDeploymentPostprocessing = 0;
		};
		8AE5DEC228BAB4040052404E /* Frameworks */ = {
			isa = PBXFrameworksBuildPhase;
			buildActionMask = 2147483647;
			files = (
			);
			runOnlyForDeploymentPostprocessing = 0;
		};
		8AE5DECC28BAB4040052404E /* Frameworks */ = {
			isa = PBXFrameworksBuildPhase;
			buildActionMask = 2147483647;
			files = (
			);
			runOnlyForDeploymentPostprocessing = 0;
		};
/* End PBXFrameworksBuildPhase section */

/* Begin PBXGroup section */
		8A622F8828BD616F00BBDE90 /* Components */ = {
			isa = PBXGroup;
			children = (
				8A622F8D28BD61D100BBDE90 /* Cube.swift */,
				8A622F9428BD7CB900BBDE90 /* Board.swift */,
				8A98A43A28C3CBF30058D012 /* Keyboard.swift */,
				8A98A43E28C3D40B0058D012 /* Key.swift */,
			);
			path = Components;
			sourceTree = "<group>";
		};
		8A622F9028BD768700BBDE90 /* Models */ = {
			isa = PBXGroup;
			children = (
				8A622F9128BD76CB00BBDE90 /* CubeModel.swift */,
				8A98A43C28C3CCD30058D012 /* KeyboardModel.swift */,
			);
			path = Models;
			sourceTree = "<group>";
		};
		8A622F9328BD7C1300BBDE90 /* Views */ = {
			isa = PBXGroup;
			children = (
			);
			path = Views;
			sourceTree = "<group>";
		};
		8AE5DEAC28BAB4020052404E = {
			isa = PBXGroup;
			children = (
				8AE5DEB728BAB4020052404E /* Wordle */,
				8AE5DEB628BAB4020052404E /* Products */,
			);
			sourceTree = "<group>";
		};
		8AE5DEB628BAB4020052404E /* Products */ = {
			isa = PBXGroup;
			children = (
				8AE5DEB528BAB4020052404E /* Wordle.app */,
				8AE5DEC528BAB4040052404E /* WordleTests.xctest */,
				8AE5DECF28BAB4040052404E /* WordleUITests.xctest */,
			);
			name = Products;
			sourceTree = "<group>";
		};
		8AE5DEB728BAB4020052404E /* Wordle */ = {
			isa = PBXGroup;
			children = (
				8A622F9328BD7C1300BBDE90 /* Views */,
				8A622F9028BD768700BBDE90 /* Models */,
				8A622F8828BD616F00BBDE90 /* Components */,
				8AE5DEB828BAB4020052404E /* WordleApp.swift */,
				8AE5DEBA28BAB4020052404E /* ContentView.swift */,
				8AE5DEBC28BAB4040052404E /* Assets.xcassets */,
				8AE5DEBE28BAB4040052404E /* Preview Content */,
			);
			path = Wordle;
			sourceTree = "<group>";
		};
		8AE5DEBE28BAB4040052404E /* Preview Content */ = {
			isa = PBXGroup;
			children = (
				8AE5DEBF28BAB4040052404E /* Preview Assets.xcassets */,
			);
			path = "Preview Content";
			sourceTree = "<group>";
		};
/* End PBXGroup section */

/* Begin PBXNativeTarget section */
		8AE5DEB428BAB4020052404E /* Wordle */ = {
			isa = PBXNativeTarget;
			buildConfigurationList = 8AE5DED928BAB4040052404E /* Build configuration list for PBXNativeTarget "Wordle" */;
			buildPhases = (
				8AE5DEB128BAB4020052404E /* Sources */,
				8AE5DEB228BAB4020052404E /* Frameworks */,
				8AE5DEB328BAB4020052404E /* Resources */,
			);
			buildRules = (
			);
			dependencies = (
			);
			name = Wordle;
			productName = Wordle;
			productReference = 8AE5DEB528BAB4020052404E /* Wordle.app */;
			productType = "com.apple.product-type.application";
		};
		8AE5DEC428BAB4040052404E /* WordleTests */ = {
			isa = PBXNativeTarget;
			buildConfigurationList = 8AE5DEDC28BAB4040052404E /* Build configuration list for PBXNativeTarget "WordleTests" */;
			buildPhases = (
				8AE5DEC128BAB4040052404E /* Sources */,
				8AE5DEC228BAB4040052404E /* Frameworks */,
				8AE5DEC328BAB4040052404E /* Resources */,
			);
			buildRules = (
			);
			dependencies = (
				8AE5DEC728BAB4040052404E /* PBXTargetDependency */,
			);
			name = WordleTests;
			productName = WordleTests;
			productReference = 8AE5DEC528BAB4040052404E /* WordleTests.xctest */;
			productType = "com.apple.product-type.bundle.unit-test";
		};
		8AE5DECE28BAB4040052404E /* WordleUITests */ = {
			isa = PBXNativeTarget;
			buildConfigurationList = 8AE5DEDF28BAB4040052404E /* Build configuration list for PBXNativeTarget "WordleUITests" */;
			buildPhases = (
				8AE5DECB28BAB4040052404E /* Sources */,
				8AE5DECC28BAB4040052404E /* Frameworks */,
				8AE5DECD28BAB4040052404E /* Resources */,
			);
			buildRules = (
			);
			dependencies = (
				8AE5DED128BAB4040052404E /* PBXTargetDependency */,
			);
			name = WordleUITests;
			productName = WordleUITests;
			productReference = 8AE5DECF28BAB4040052404E /* WordleUITests.xctest */;
			productType = "com.apple.product-type.bundle.ui-testing";
		};
/* End PBXNativeTarget section */

/* Begin PBXProject section */
		8AE5DEAD28BAB4020052404E /* Project object */ = {
			isa = PBXProject;
			attributes = {
				BuildIndependentTargetsInParallel = 1;
				LastSwiftUpdateCheck = 1340;
				LastUpgradeCheck = 1340;
				TargetAttributes = {
					8AE5DEB428BAB4020052404E = {
						CreatedOnToolsVersion = 13.4.1;
					};
					8AE5DEC428BAB4040052404E = {
						CreatedOnToolsVersion = 13.4.1;
						TestTargetID = 8AE5DEB428BAB4020052404E;
					};
					8AE5DECE28BAB4040052404E = {
						CreatedOnToolsVersion = 13.4.1;
						TestTargetID = 8AE5DEB428BAB4020052404E;
					};
				};
			};
			buildConfigurationList = 8AE5DEB028BAB4020052404E /* Build configuration list for PBXProject "Wordle" */;
			compatibilityVersion = "Xcode 13.0";
			developmentRegion = en;
			hasScannedForEncodings = 0;
			knownRegions = (
				en,
				Base,
			);
			mainGroup = 8AE5DEAC28BAB4020052404E;
			productRefGroup = 8AE5DEB628BAB4020052404E /* Products */;
			projectDirPath = "";
			projectRoot = "";
			targets = (
				8AE5DEB428BAB4020052404E /* Wordle */,
				8AE5DEC428BAB4040052404E /* WordleTests */,
				8AE5DECE28BAB4040052404E /* WordleUITests */,
			);
		};
/* End PBXProject section */

/* Begin PBXResourcesBuildPhase section */
		8AE5DEB328BAB4020052404E /* Resources */ = {
			isa = PBXResourcesBuildPhase;
			buildActionMask = 2147483647;
			files = (
				8AE5DEC028BAB4040052404E /* Preview Assets.xcassets in Resources */,
				8AE5DEBD28BAB4040052404E /* Assets.xcassets in Resources */,
			);
			runOnlyForDeploymentPostprocessing = 0;
		};
		8AE5DEC328BAB4040052404E /* Resources */ = {
			isa = PBXResourcesBuildPhase;
			buildActionMask = 2147483647;
			files = (
			);
			runOnlyForDeploymentPostprocessing = 0;
		};
		8AE5DECD28BAB4040052404E /* Resources */ = {
			isa = PBXResourcesBuildPhase;
			buildActionMask = 2147483647;
			files = (
			);
			runOnlyForDeploymentPostprocessing = 0;
		};
/* End PBXResourcesBuildPhase section */

/* Begin PBXSourcesBuildPhase section */
		8AE5DEB128BAB4020052404E /* Sources */ = {
			isa = PBXSourcesBuildPhase;
			buildActionMask = 2147483647;
			files = (
				8AE5DEBB28BAB4020052404E /* ContentView.swift in Sources */,
				8AE5DEB928BAB4020052404E /* WordleApp.swift in Sources */,
				8A622F9528BD7CB900BBDE90 /* Board.swift in Sources */,
				8A622F9228BD76CB00BBDE90 /* CubeModel.swift in Sources */,
				8A98A43D28C3CCD30058D012 /* KeyboardModel.swift in Sources */,
				8A98A43F28C3D40B0058D012 /* Key.swift in Sources */,
				8A98A43B28C3CBF30058D012 /* Keyboard.swift in Sources */,
				8A622F8E28BD61D100BBDE90 /* Cube.swift in Sources */,
			);
			runOnlyForDeploymentPostprocessing = 0;
		};
		8AE5DEC128BAB4040052404E /* Sources */ = {
			isa = PBXSourcesBuildPhase;
			buildActionMask = 2147483647;
			files = (
			);
			runOnlyForDeploymentPostprocessing = 0;
		};
		8AE5DECB28BAB4040052404E /* Sources */ = {
			isa = PBXSourcesBuildPhase;
			buildActionMask = 2147483647;
			files = (
			);
			runOnlyForDeploymentPostprocessing = 0;
		};
/* End PBXSourcesBuildPhase section */

/* Begin PBXTargetDependency section */
		8AE5DEC728BAB4040052404E /* PBXTargetDependency */ = {
			isa = PBXTargetDependency;
			target = 8AE5DEB428BAB4020052404E /* Wordle */;
			targetProxy = 8AE5DEC628BAB4040052404E /* PBXContainerItemProxy */;
		};
		8AE5DED128BAB4040052404E /* PBXTargetDependency */ = {
			isa = PBXTargetDependency;
			target = 8AE5DEB428BAB4020052404E /* Wordle */;
			targetProxy = 8AE5DED028BAB4040052404E /* PBXContainerItemProxy */;
		};
/* End PBXTargetDependency section */

/* Begin XCBuildConfiguration section */
		8AE5DED728BAB4040052404E /* Debug */ = {
			isa = XCBuildConfiguration;
			buildSettings = {
				ALWAYS_SEARCH_USER_PATHS = NO;
				CLANG_ANALYZER_NONNULL = YES;
				CLANG_ANALYZER_NUMBER_OBJECT_CONVERSION = YES_AGGRESSIVE;
				CLANG_CXX_LANGUAGE_STANDARD = "gnu++17";
				CLANG_ENABLE_MODULES = YES;
				CLANG_ENABLE_OBJC_ARC = YES;
				CLANG_ENABLE_OBJC_WEAK = YES;
				CLANG_WARN_BLOCK_CAPTURE_AUTORELEASING = YES;
				CLANG_WARN_BOOL_CONVERSION = YES;
				CLANG_WARN_COMMA = YES;
				CLANG_WARN_CONSTANT_CONVERSION = YES;
				CLANG_WARN_DEPRECATED_OBJC_IMPLEMENTATIONS = YES;
				CLANG_WARN_DIRECT_OBJC_ISA_USAGE = YES_ERROR;
				CLANG_WARN_DOCUMENTATION_COMMENTS = YES;
				CLANG_WARN_EMPTY_BODY = YES;
				CLANG_WARN_ENUM_CONVERSION = YES;
				CLANG_WARN_INFINITE_RECURSION = YES;
				CLANG_WARN_INT_CONVERSION = YES;
				CLANG_WARN_NON_LITERAL_NULL_CONVERSION = YES;
				CLANG_WARN_OBJC_IMPLICIT_RETAIN_SELF = YES;
				CLANG_WARN_OBJC_LITERAL_CONVERSION = YES;
				CLANG_WARN_OBJC_ROOT_CLASS = YES_ERROR;
				CLANG_WARN_QUOTED_INCLUDE_IN_FRAMEWORK_HEADER = YES;
				CLANG_WARN_RANGE_LOOP_ANALYSIS = YES;
				CLANG_WARN_STRICT_PROTOTYPES = YES;
				CLANG_WARN_SUSPICIOUS_MOVE = YES;
				CLANG_WARN_UNGUARDED_AVAILABILITY = YES_AGGRESSIVE;
				CLANG_WARN_UNREACHABLE_CODE = YES;
				CLANG_WARN__DUPLICATE_METHOD_MATCH = YES;
				COPY_PHASE_STRIP = NO;
				DEBUG_INFORMATION_FORMAT = dwarf;
				ENABLE_STRICT_OBJC_MSGSEND = YES;
				ENABLE_TESTABILITY = YES;
				GCC_C_LANGUAGE_STANDARD = gnu11;
				GCC_DYNAMIC_NO_PIC = NO;
				GCC_NO_COMMON_BLOCKS = YES;
				GCC_OPTIMIZATION_LEVEL = 0;
				GCC_PREPROCESSOR_DEFINITIONS = (
					"DEBUG=1",
					"$(inherited)",
				);
				GCC_WARN_64_TO_32_BIT_CONVERSION = YES;
				GCC_WARN_ABOUT_RETURN_TYPE = YES_ERROR;
				GCC_WARN_UNDECLARED_SELECTOR = YES;
				GCC_WARN_UNINITIALIZED_AUTOS = YES_AGGRESSIVE;
				GCC_WARN_UNUSED_FUNCTION = YES;
				GCC_WARN_UNUSED_VARIABLE = YES;
				IPHONEOS_DEPLOYMENT_TARGET = 15.5;
				MTL_ENABLE_DEBUG_INFO = INCLUDE_SOURCE;
				MTL_FAST_MATH = YES;
				ONLY_ACTIVE_ARCH = YES;
				SDKROOT = iphoneos;
				SWIFT_ACTIVE_COMPILATION_CONDITIONS = DEBUG;
				SWIFT_OPTIMIZATION_LEVEL = "-Onone";
			};
			name = Debug;
		};
		8AE5DED828BAB4040052404E /* Release */ = {
			isa = XCBuildConfiguration;
			buildSettings = {
				ALWAYS_SEARCH_USER_PATHS = NO;
				CLANG_ANALYZER_NONNULL = YES;
				CLANG_ANALYZER_NUMBER_OBJECT_CONVERSION = YES_AGGRESSIVE;
				CLANG_CXX_LANGUAGE_STANDARD = "gnu++17";
				CLANG_ENABLE_MODULES = YES;
				CLANG_ENABLE_OBJC_ARC = YES;
				CLANG_ENABLE_OBJC_WEAK = YES;
				CLANG_WARN_BLOCK_CAPTURE_AUTORELEASING = YES;
				CLANG_WARN_BOOL_CONVERSION = YES;
				CLANG_WARN_COMMA = YES;
				CLANG_WARN_CONSTANT_CONVERSION = YES;
				CLANG_WARN_DEPRECATED_OBJC_IMPLEMENTATIONS = YES;
				CLANG_WARN_DIRECT_OBJC_ISA_USAGE = YES_ERROR;
				CLANG_WARN_DOCUMENTATION_COMMENTS = YES;
				CLANG_WARN_EMPTY_BODY = YES;
				CLANG_WARN_ENUM_CONVERSION = YES;
				CLANG_WARN_INFINITE_RECURSION = YES;
				CLANG_WARN_INT_CONVERSION = YES;
				CLANG_WARN_NON_LITERAL_NULL_CONVERSION = YES;
				CLANG_WARN_OBJC_IMPLICIT_RETAIN_SELF = YES;
				CLANG_WARN_OBJC_LITERAL_CONVERSION = YES;
				CLANG_WARN_OBJC_ROOT_CLASS = YES_ERROR;
				CLANG_WARN_QUOTED_INCLUDE_IN_FRAMEWORK_HEADER = YES;
				CLANG_WARN_RANGE_LOOP_ANALYSIS = YES;
				CLANG_WARN_STRICT_PROTOTYPES = YES;
				CLANG_WARN_SUSPICIOUS_MOVE = YES;
				CLANG_WARN_UNGUARDED_AVAILABILITY = YES_AGGRESSIVE;
				CLANG_WARN_UNREACHABLE_CODE = YES;
				CLANG_WARN__DUPLICATE_METHOD_MATCH = YES;
				COPY_PHASE_STRIP = NO;
				DEBUG_INFORMATION_FORMAT = "dwarf-with-dsym";
				ENABLE_NS_ASSERTIONS = NO;
				ENABLE_STRICT_OBJC_MSGSEND = YES;
				GCC_C_LANGUAGE_STANDARD = gnu11;
				GCC_NO_COMMON_BLOCKS = YES;
				GCC_WARN_64_TO_32_BIT_CONVERSION = YES;
				GCC_WARN_ABOUT_RETURN_TYPE = YES_ERROR;
				GCC_WARN_UNDECLARED_SELECTOR = YES;
				GCC_WARN_UNINITIALIZED_AUTOS = YES_AGGRESSIVE;
				GCC_WARN_UNUSED_FUNCTION = YES;
				GCC_WARN_UNUSED_VARIABLE = YES;
				IPHONEOS_DEPLOYMENT_TARGET = 15.5;
				MTL_ENABLE_DEBUG_INFO = NO;
				MTL_FAST_MATH = YES;
				SDKROOT = iphoneos;
				SWIFT_COMPILATION_MODE = wholemodule;
				SWIFT_OPTIMIZATION_LEVEL = "-O";
				VALIDATE_PRODUCT = YES;
			};
			name = Release;
		};
		8AE5DEDA28BAB4040052404E /* Debug */ = {
			isa = XCBuildConfiguration;
			buildSettings = {
				ASSETCATALOG_COMPILER_APPICON_NAME = AppIcon;
				ASSETCATALOG_COMPILER_GLOBAL_ACCENT_COLOR_NAME = AccentColor;
				CODE_SIGN_STYLE = Automatic;
				CURRENT_PROJECT_VERSION = 1;
				DEVELOPMENT_ASSET_PATHS = "\"Wordle/Preview Content\"";
				DEVELOPMENT_TEAM = N96B8R8294;
				ENABLE_PREVIEWS = YES;
				GENERATE_INFOPLIST_FILE = YES;
				INFOPLIST_KEY_UIApplicationSceneManifest_Generation = YES;
				INFOPLIST_KEY_UIApplicationSupportsIndirectInputEvents = YES;
				INFOPLIST_KEY_UILaunchScreen_Generation = YES;
				INFOPLIST_KEY_UISupportedInterfaceOrientations_iPad = "UIInterfaceOrientationPortrait UIInterfaceOrientationPortraitUpsideDown UIInterfaceOrientationLandscapeLeft UIInterfaceOrientationLandscapeRight";
				INFOPLIST_KEY_UISupportedInterfaceOrientations_iPhone = "UIInterfaceOrientationPortrait UIInterfaceOrientationLandscapeLeft UIInterfaceOrientationLandscapeRight";
				LD_RUNPATH_SEARCH_PATHS = (
					"$(inherited)",
					"@executable_path/Frameworks",
				);
				MARKETING_VERSION = 1.0;
				PRODUCT_BUNDLE_IDENTIFIER = lioncode.Wordle;
				PRODUCT_NAME = "$(TARGET_NAME)";
				SWIFT_EMIT_LOC_STRINGS = YES;
				SWIFT_VERSION = 5.0;
				TARGETED_DEVICE_FAMILY = "1,2";
			};
			name = Debug;
		};
		8AE5DEDB28BAB4040052404E /* Release */ = {
			isa = XCBuildConfiguration;
			buildSettings = {
				ASSETCATALOG_COMPILER_APPICON_NAME = AppIcon;
				ASSETCATALOG_COMPILER_GLOBAL_ACCENT_COLOR_NAME = AccentColor;
				CODE_SIGN_STYLE = Automatic;
				CURRENT_PROJECT_VERSION = 1;
				DEVELOPMENT_ASSET_PATHS = "\"Wordle/Preview Content\"";
				DEVELOPMENT_TEAM = N96B8R8294;
				ENABLE_PREVIEWS = YES;
				GENERATE_INFOPLIST_FILE = YES;
				INFOPLIST_KEY_UIApplicationSceneManifest_Generation = YES;
				INFOPLIST_KEY_UIApplicationSupportsIndirectInputEvents = YES;
				INFOPLIST_KEY_UILaunchScreen_Generation = YES;
				INFOPLIST_KEY_UISupportedInterfaceOrientations_iPad = "UIInterfaceOrientationPortrait UIInterfaceOrientationPortraitUpsideDown UIInterfaceOrientationLandscapeLeft UIInterfaceOrientationLandscapeRight";
				INFOPLIST_KEY_UISupportedInterfaceOrientations_iPhone = "UIInterfaceOrientationPortrait UIInterfaceOrientationLandscapeLeft UIInterfaceOrientationLandscapeRight";
				LD_RUNPATH_SEARCH_PATHS = (
					"$(inherited)",
					"@executable_path/Frameworks",
				);
				MARKETING_VERSION = 1.0;
				PRODUCT_BUNDLE_IDENTIFIER = lioncode.Wordle;
				PRODUCT_NAME = "$(TARGET_NAME)";
				SWIFT_EMIT_LOC_STRINGS = YES;
				SWIFT_VERSION = 5.0;
				TARGETED_DEVICE_FAMILY = "1,2";
			};
			name = Release;
		};
		8AE5DEDD28BAB4040052404E /* Debug */ = {
			isa = XCBuildConfiguration;
			buildSettings = {
				ALWAYS_EMBED_SWIFT_STANDARD_LIBRARIES = YES;
				BUNDLE_LOADER = "$(TEST_HOST)";
				CODE_SIGN_STYLE = Automatic;
				CURRENT_PROJECT_VERSION = 1;
				DEVELOPMENT_TEAM = N96B8R8294;
				GENERATE_INFOPLIST_FILE = YES;
				IPHONEOS_DEPLOYMENT_TARGET = 15.5;
				MARKETING_VERSION = 1.0;
				PRODUCT_BUNDLE_IDENTIFIER = lioncode.WordleTests;
				PRODUCT_NAME = "$(TARGET_NAME)";
				SWIFT_EMIT_LOC_STRINGS = NO;
				SWIFT_VERSION = 5.0;
				TARGETED_DEVICE_FAMILY = "1,2";
				TEST_HOST = "$(BUILT_PRODUCTS_DIR)/Wordle.app/Wordle";
			};
			name = Debug;
		};
		8AE5DEDE28BAB4040052404E /* Release */ = {
			isa = XCBuildConfiguration;
			buildSettings = {
				ALWAYS_EMBED_SWIFT_STANDARD_LIBRARIES = YES;
				BUNDLE_LOADER = "$(TEST_HOST)";
				CODE_SIGN_STYLE = Automatic;
				CURRENT_PROJECT_VERSION = 1;
				DEVELOPMENT_TEAM = N96B8R8294;
				GENERATE_INFOPLIST_FILE = YES;
				IPHONEOS_DEPLOYMENT_TARGET = 15.5;
				MARKETING_VERSION = 1.0;
				PRODUCT_BUNDLE_IDENTIFIER = lioncode.WordleTests;
				PRODUCT_NAME = "$(TARGET_NAME)";
				SWIFT_EMIT_LOC_STRINGS = NO;
				SWIFT_VERSION = 5.0;
				TARGETED_DEVICE_FAMILY = "1,2";
				TEST_HOST = "$(BUILT_PRODUCTS_DIR)/Wordle.app/Wordle";
			};
			name = Release;
		};
		8AE5DEE028BAB4040052404E /* Debug */ = {
			isa = XCBuildConfiguration;
			buildSettings = {
				ALWAYS_EMBED_SWIFT_STANDARD_LIBRARIES = YES;
				CODE_SIGN_STYLE = Automatic;
				CURRENT_PROJECT_VERSION = 1;
				DEVELOPMENT_TEAM = N96B8R8294;
				GENERATE_INFOPLIST_FILE = YES;
				MARKETING_VERSION = 1.0;
				PRODUCT_BUNDLE_IDENTIFIER = lioncode.WordleUITests;
				PRODUCT_NAME = "$(TARGET_NAME)";
				SWIFT_EMIT_LOC_STRINGS = NO;
				SWIFT_VERSION = 5.0;
				TARGETED_DEVICE_FAMILY = "1,2";
				TEST_TARGET_NAME = Wordle;
			};
			name = Debug;
		};
		8AE5DEE128BAB4040052404E /* Release */ = {
			isa = XCBuildConfiguration;
			buildSettings = {
				ALWAYS_EMBED_SWIFT_STANDARD_LIBRARIES = YES;
				CODE_SIGN_STYLE = Automatic;
				CURRENT_PROJECT_VERSION = 1;
				DEVELOPMENT_TEAM = N96B8R8294;
				GENERATE_INFOPLIST_FILE = YES;
				MARKETING_VERSION = 1.0;
				PRODUCT_BUNDLE_IDENTIFIER = lioncode.WordleUITests;
				PRODUCT_NAME = "$(TARGET_NAME)";
				SWIFT_EMIT_LOC_STRINGS = NO;
				SWIFT_VERSION = 5.0;
				TARGETED_DEVICE_FAMILY = "1,2";
				TEST_TARGET_NAME = Wordle;
			};
			name = Release;
		};
/* End XCBuildConfiguration section */

/* Begin XCConfigurationList section */
		8AE5DEB028BAB4020052404E /* Build configuration list for PBXProject "Wordle" */ = {
			isa = XCConfigurationList;
			buildConfigurations = (
				8AE5DED728BAB4040052404E /* Debug */,
				8AE5DED828BAB4040052404E /* Release */,
			);
			defaultConfigurationIsVisible = 0;
			defaultConfigurationName = Release;
		};
		8AE5DED928BAB4040052404E /* Build configuration list for PBXNativeTarget "Wordle" */ = {
			isa = XCConfigurationList;
			buildConfigurations = (
				8AE5DEDA28BAB4040052404E /* Debug */,
				8AE5DEDB28BAB4040052404E /* Release */,
			);
			defaultConfigurationIsVisible = 0;
			defaultConfigurationName = Release;
		};
		8AE5DEDC28BAB4040052404E /* Build configuration list for PBXNativeTarget "WordleTests" */ = {
			isa = XCConfigurationList;
			buildConfigurations = (
				8AE5DEDD28BAB4040052404E /* Debug */,
				8AE5DEDE28BAB4040052404E /* Release */,
			);
			defaultConfigurationIsVisible = 0;
			defaultConfigurationName = Release;
		};
		8AE5DEDF28BAB4040052404E /* Build configuration list for PBXNativeTarget "WordleUITests" */ = {
			isa = XCConfigurationList;
			buildConfigurations = (
				8AE5DEE028BAB4040052404E /* Debug */,
				8AE5DEE128BAB4040052404E /* Release */,
			);
			defaultConfigurationIsVisible = 0;
			defaultConfigurationName = Release;
		};
/* End XCConfigurationList section */
	};
	rootObject = 8AE5DEAD28BAB4020052404E /* Project object */;
}
